
Microsoft Visual Studio Solution File, Format Version 12.00
# Visual Studio Version 16
VisualStudioVersion = 16.0.31105.61
MinimumVisualStudioVersion = 10.0.40219.1
Project("{FAE04EC0-301F-11D3-BF4B-00C04F79EFBC}") = "CalculatorLib", "CalculatorLib\CalculatorLib.csproj", "{1CA8CB72-1272-440F-B444-39B1CFF1088E}"
EndProject
Project("{FAE04EC0-301F-11D3-BF4B-00C04F79EFBC}") = "CalculatorTest", "CalculatorTest\CalculatorTest.csproj", "{5CD14A5D-7FFC-4D8C-9943-DE5CF236FECB}"
EndProject
Global
	GlobalSection(SolutionConfigurationPlatforms) = preSolution
		Debug|Any CPU = Debug|Any CPU
		Release|Any CPU = Release|Any CPU
	EndGlobalSection
	GlobalSection(ProjectConfigurationPlatforms) = postSolution
		{1CA8CB72-1272-440F-B444-39B1CFF1088E}.Debug|Any CPU.ActiveCfg = Debug|Any CPU
		{1CA8CB72-1272-440F-B444-39B1CFF1088E}.Debug|Any CPU.Build.0 = Debug|Any CPU
		{1CA8CB72-1272-440F-B444-39B1CFF1088E}.Release|Any CPU.ActiveCfg = Release|Any CPU
		{1CA8CB72-1272-440F-B444-39B1CFF1088E}.Release|Any CPU.Build.0 = Release|Any CPU
		{5CD14A5D-7FFC-4D8C-9943-DE5CF236FECB}.Debug|Any CPU.ActiveCfg = Debug|Any CPU
		{5CD14A5D-7FFC-4D8C-9943-DE5CF236FECB}.Debug|Any CPU.Build.0 = Debug|Any CPU
		{5CD14A5D-7FFC-4D8C-9943-DE5CF236FECB}.Release|Any CPU.ActiveCfg = Release|Any CPU
		{5CD14A5D-7FFC-4D8C-9943-DE5CF236FECB}.Release|Any CPU.Build.0 = Release|Any CPU
	EndGlobalSection
	GlobalSection(SolutionProperties) = preSolution
		HideSolutionNode = FALSE
	EndGlobalSection
	GlobalSection(ExtensibilityGlobals) = postSolution
		SolutionGuid = {B2F33CE2-5F40-4D84-A079-60D8AD6BC98D}
	EndGlobalSection
EndGlobal
